
Microsoft Visual Studio Solution File, Format Version 12.00
# Visual Studio Version 16
VisualStudioVersion = 16.0.30413.136
MinimumVisualStudioVersion = 10.0.40219.1
Project("{FAE04EC0-301F-11D3-BF4B-00C04F79EFBC}") = "Carousel.Android", "Carousel\Carousel.Android\Carousel.Android.csproj", "{5825A09E-5065-4A0C-9CDC-D8EC9D8F36F4}"
EndProject
Project("{FAE04EC0-301F-11D3-BF4B-00C04F79EFBC}") = "Carousel.iOS", "Carousel\Carousel.iOS\Carousel.iOS.csproj", "{05B66827-84AE-4A9E-A1E0-BFFDE58C1505}"
EndProject
Project("{FAE04EC0-301F-11D3-BF4B-00C04F79EFBC}") = "Carousel", "Carousel\Carousel\Carousel.csproj", "{44E300C9-D2FD-45FA-BE0C-BCE288BCCC30}"
EndProject
Global
	GlobalSection(SolutionConfigurationPlatforms) = preSolution
		Debug|Any CPU = Debug|Any CPU
		Debug|iPhone = Debug|iPhone
		Debug|iPhoneSimulator = Debug|iPhoneSimulator
		Release|Any CPU = Release|Any CPU
		Release|iPhone = Release|iPhone
		Release|iPhoneSimulator = Release|iPhoneSimulator
	EndGlobalSection
	GlobalSection(ProjectConfigurationPlatforms) = postSolution
		{5825A09E-5065-4A0C-9CDC-D8EC9D8F36F4}.Debug|Any CPU.ActiveCfg = Debug|Any CPU
		{5825A09E-5065-4A0C-9CDC-D8EC9D8F36F4}.Debug|Any CPU.Build.0 = Debug|Any CPU
		{5825A09E-5065-4A0C-9CDC-D8EC9D8F36F4}.Debug|Any CPU.Deploy.0 = Debug|Any CPU
		{5825A09E-5065-4A0C-9CDC-D8EC9D8F36F4}.Debug|iPhone.ActiveCfg = Debug|Any CPU
		{5825A09E-5065-4A0C-9CDC-D8EC9D8F36F4}.Debug|iPhone.Build.0 = Debug|Any CPU
		{5825A09E-5065-4A0C-9CDC-D8EC9D8F36F4}.Debug|iPhone.Deploy.0 = Debug|Any CPU
		{5825A09E-5065-4A0C-9CDC-D8EC9D8F36F4}.Debug|iPhoneSimulator.ActiveCfg = Debug|Any CPU
		{5825A09E-5065-4A0C-9CDC-D8EC9D8F36F4}.Debug|iPhoneSimulator.Build.0 = Debug|Any CPU
		{5825A09E-5065-4A0C-9CDC-D8EC9D8F36F4}.Debug|iPhoneSimulator.Deploy.0 = Debug|Any CPU
		{5825A09E-5065-4A0C-9CDC-D8EC9D8F36F4}.Release|Any CPU.ActiveCfg = Release|Any CPU
		{5825A09E-5065-4A0C-9CDC-D8EC9D8F36F4}.Release|Any CPU.Build.0 = Release|Any CPU
		{5825A09E-5065-4A0C-9CDC-D8EC9D8F36F4}.Release|Any CPU.Deploy.0 = Release|Any CPU
		{5825A09E-5065-4A0C-9CDC-D8EC9D8F36F4}.Release|iPhone.ActiveCfg = Release|Any CPU
		{5825A09E-5065-4A0C-9CDC-D8EC9D8F36F4}.Release|iPhone.Build.0 = Release|Any CPU
		{5825A09E-5065-4A0C-9CDC-D8EC9D8F36F4}.Release|iPhone.Deploy.0 = Release|Any CPU
		{5825A09E-5065-4A0C-9CDC-D8EC9D8F36F4}.Release|iPhoneSimulator.ActiveCfg = Release|Any CPU
		{5825A09E-5065-4A0C-9CDC-D8EC9D8F36F4}.Release|iPhoneSimulator.Build.0 = Release|Any CPU
		{5825A09E-5065-4A0C-9CDC-D8EC9D8F36F4}.Release|iPhoneSimulator.Deploy.0 = Release|Any CPU
		{05B66827-84AE-4A9E-A1E0-BFFDE58C1505}.Debug|Any CPU.ActiveCfg = Debug|iPhone
		{05B66827-84AE-4A9E-A1E0-BFFDE58C1505}.Debug|Any CPU.Build.0 = Debug|iPhone
		{05B66827-84AE-4A9E-A1E0-BFFDE58C1505}.Debug|Any CPU.Deploy.0 = Debug|iPhone
		{05B66827-84AE-4A9E-A1E0-BFFDE58C1505}.Debug|iPhone.ActiveCfg = Debug|iPhone
		{05B66827-84AE-4A9E-A1E0-BFFDE58C1505}.Debug|iPhone.Build.0 = Debug|iPhone
		{05B66827-84AE-4A9E-A1E0-BFFDE58C1505}.Debug|iPhone.Deploy.0 = Debug|iPhone
		{05B66827-84AE-4A9E-A1E0-BFFDE58C1505}.Debug|iPhoneSimulator.ActiveCfg = Debug|iPhoneSimulator
		{05B66827-84AE-4A9E-A1E0-BFFDE58C1505}.Debug|iPhoneSimulator.Build.0 = Debug|iPhoneSimulator
		{05B66827-84AE-4A9E-A1E0-BFFDE58C1505}.Debug|iPhoneSimulator.Deploy.0 = Debug|iPhoneSimulator
		{05B66827-84AE-4A9E-A1E0-BFFDE58C1505}.Release|Any CPU.ActiveCfg = Release|iPhone
		{05B66827-84AE-4A9E-A1E0-BFFDE58C1505}.Release|Any CPU.Build.0 = Release|iPhone
		{05B66827-84AE-4A9E-A1E0-BFFDE58C1505}.Release|Any CPU.Deploy.0 = Release|iPhone
		{05B66827-84AE-4A9E-A1E0-BFFDE58C1505}.Release|iPhone.ActiveCfg = Release|iPhone
		{05B66827-84AE-4A9E-A1E0-BFFDE58C1505}.Release|iPhone.Build.0 = Release|iPhone
		{05B66827-84AE-4A9E-A1E0-BFFDE58C1505}.Release|iPhone.Deploy.0 = Release|iPhone
		{05B66827-84AE-4A9E-A1E0-BFFDE58C1505}.Release|iPhoneSimulator.ActiveCfg = Release|iPhoneSimulator
		{05B66827-84AE-4A9E-A1E0-BFFDE58C1505}.Release|iPhoneSimulator.Build.0 = Release|iPhoneSimulator
		{05B66827-84AE-4A9E-A1E0-BFFDE58C1505}.Release|iPhoneSimulator.Deploy.0 = Release|iPhoneSimulator
		{44E300C9-D2FD-45FA-BE0C-BCE288BCCC30}.Debug|Any CPU.ActiveCfg = Debug|Any CPU
		{44E300C9-D2FD-45FA-BE0C-BCE288BCCC30}.Debug|Any CPU.Build.0 = Debug|Any CPU
		{44E300C9-D2FD-45FA-BE0C-BCE288BCCC30}.Debug|Any CPU.Deploy.0 = Debug|Any CPU
		{44E300C9-D2FD-45FA-BE0C-BCE288BCCC30}.Debug|iPhone.ActiveCfg = Debug|Any CPU
		{44E300C9-D2FD-45FA-BE0C-BCE288BCCC30}.Debug|iPhone.Build.0 = Debug|Any CPU
		{44E300C9-D2FD-45FA-BE0C-BCE288BCCC30}.Debug|iPhone.Deploy.0 = Debug|Any CPU
		{44E300C9-D2FD-45FA-BE0C-BCE288BCCC30}.Debug|iPhoneSimulator.ActiveCfg = Debug|Any CPU
		{44E300C9-D2FD-45FA-BE0C-BCE288BCCC30}.Debug|iPhoneSimulator.Build.0 = Debug|Any CPU
		{44E300C9-D2FD-45FA-BE0C-BCE288BCCC30}.Debug|iPhoneSimulator.Deploy.0 = Debug|Any CPU
		{44E300C9-D2FD-45FA-BE0C-BCE288BCCC30}.Release|Any CPU.ActiveCfg = Release|Any CPU
		{44E300C9-D2FD-45FA-BE0C-BCE288BCCC30}.Release|Any CPU.Build.0 = Release|Any CPU
		{44E300C9-D2FD-45FA-BE0C-BCE288BCCC30}.Release|Any CPU.Deploy.0 = Release|Any CPU
		{44E300C9-D2FD-45FA-BE0C-BCE288BCCC30}.Release|iPhone.ActiveCfg = Release|Any CPU
		{44E300C9-D2FD-45FA-BE0C-BCE288BCCC30}.Release|iPhone.Build.0 = Release|Any CPU
		{44E300C9-D2FD-45FA-BE0C-BCE288BCCC30}.Release|iPhone.Deploy.0 = Release|Any CPU
		{44E300C9-D2FD-45FA-BE0C-BCE288BCCC30}.Release|iPhoneSimulator.ActiveCfg = Release|Any CPU
		{44E300C9-D2FD-45FA-BE0C-BCE288BCCC30}.Release|iPhoneSimulator.Build.0 = Release|Any CPU
		{44E300C9-D2FD-45FA-BE0C-BCE288BCCC30}.Release|iPhoneSimulator.Deploy.0 = Release|Any CPU
	EndGlobalSection
	GlobalSection(SolutionProperties) = preSolution
		HideSolutionNode = FALSE
	EndGlobalSection
	GlobalSection(ExtensibilityGlobals) = postSolution
		SolutionGuid = {A35C9DAC-60FC-4ABA-A82C-EACAC964F6D1}
	EndGlobalSection
EndGlobal
